
Microsoft Visual Studio Solution File, Format Version 12.00
# Visual Studio 15
VisualStudioVersion = 15.0.26730.16
MinimumVisualStudioVersion = 10.0.40219.1
Project("{FAE04EC0-301F-11D3-BF4B-00C04F79EFBC}") = "C++++0005", "C++++0005\C++++0005.csproj", "{2FE74688-892D-4C98-9BBB-648BDAFFDE01}"
EndProject
Global
	GlobalSection(SolutionConfigurationPlatforms) = preSolution
		Debug|Any CPU = Debug|Any CPU
		Release|Any CPU = Release|Any CPU
	EndGlobalSection
	GlobalSection(ProjectConfigurationPlatforms) = postSolution
		{2FE74688-892D-4C98-9BBB-648BDAFFDE01}.Debug|Any CPU.ActiveCfg = Debug|Any CPU
		{2FE74688-892D-4C98-9BBB-648BDAFFDE01}.Debug|Any CPU.Build.0 = Debug|Any CPU
		{2FE74688-892D-4C98-9BBB-648BDAFFDE01}.Release|Any CPU.ActiveCfg = Release|Any CPU
		{2FE74688-892D-4C98-9BBB-648BDAFFDE01}.Release|Any CPU.Build.0 = Release|Any CPU
	EndGlobalSection
	GlobalSection(SolutionProperties) = preSolution
		HideSolutionNode = FALSE
	EndGlobalSection
	GlobalSection(ExtensibilityGlobals) = postSolution
		SolutionGuid = {D908CE5A-AD73-40A4-A8C9-8A446A7A0EF7}
	EndGlobalSection
EndGlobal
